
Microsoft Visual Studio Solution File, Format Version 12.00
# Visual Studio Version 17
VisualStudioVersion = 17.8.34601.278
MinimumVisualStudioVersion = 10.0.40219.1
Project("{FAE04EC0-301F-11D3-BF4B-00C04F79EFBC}") = "PizzaStoreV02", "PizzaStoreV02\PizzaStoreV02.csproj", "{CEED1806-AF6A-4458-87B5-02B1FF1FB149}"
EndProject
Global
	GlobalSection(SolutionConfigurationPlatforms) = preSolution
		Debug|Any CPU = Debug|Any CPU
		Release|Any CPU = Release|Any CPU
	EndGlobalSection
	GlobalSection(ProjectConfigurationPlatforms) = postSolution
		{CEED1806-AF6A-4458-87B5-02B1FF1FB149}.Debug|Any CPU.ActiveCfg = Debug|Any CPU
		{CEED1806-AF6A-4458-87B5-02B1FF1FB149}.Debug|Any CPU.Build.0 = Debug|Any CPU
		{CEED1806-AF6A-4458-87B5-02B1FF1FB149}.Release|Any CPU.ActiveCfg = Release|Any CPU
		{CEED1806-AF6A-4458-87B5-02B1FF1FB149}.Release|Any CPU.Build.0 = Release|Any CPU
	EndGlobalSection
	GlobalSection(SolutionProperties) = preSolution
		HideSolutionNode = FALSE
	EndGlobalSection
	GlobalSection(ExtensibilityGlobals) = postSolution
		SolutionGuid = {25017035-5983-4DFF-B5D3-AE4B4BD010A7}
	EndGlobalSection
EndGlobal
